{
  "name": "domainprobe-cli",
  "version": "1.0.0",
  "lockfileVersion": 3,
  "requires": true,
  "packages": {
    "": {
      "name": "domainprobe-cli",
      "version": "1.0.0",
      "license": "ISC",
      "dependencies": {
        "domainprobe": "^1.0.1"
      }
    },
    "node_modules/domainprobe": {
      "version": "1.0.1",
      "resolved": "https://registry.npmjs.org/domainprobe/-/domainprobe-1.0.1.tgz",
      "integrity": "sha512-/TEg4054MdFJPPHT/eN/B99LqPiepcQZRD2SkV91VtLZDU4wqMiR982U7Qm9Mn3biignXrXr/J25+BRGQJyAWA=="
    }
  }
}
