{
  "name": "text-count-cli",
  "version": "1.0.0",
  "lockfileVersion": 3,
  "requires": true,
  "packages": {
    "": {
      "name": "text-count-cli",
      "version": "1.0.0",
      "license": "ISC",
      "dependencies": {
        "text-count": "^1.0.0"
      }
    },
    "node_modules/text-count": {
      "version": "1.0.0",
      "resolved": "https://registry.npmjs.org/text-count/-/text-count-1.0.0.tgz",
      "integrity": "sha512-qWUuCo1/XNacIOm2+PJeqO6Uw1q2PXkrbo29wnnT4K4PuHBB+iuS3e86PqBND+cgd7/PQC6oQz0XgLjB1Mmyfw=="
    }
  }
}
