{
  "name": "disk-cleanup-cli",
  "version": "1.0.0",
  "lockfileVersion": 3,
  "requires": true,
  "packages": {
    "": {
      "name": "disk-cleanup-cli",
      "version": "1.0.0",
      "license": "ISC",
      "dependencies": {
        "disk-cleanup": "^1.0.2"
      }
    },
    "node_modules/disk-cleanup": {
      "version": "1.0.2",
      "resolved": "https://registry.npmjs.org/disk-cleanup/-/disk-cleanup-1.0.2.tgz",
      "integrity": "sha512-SnClb3zr0Pal9SLQEiB3KrTLD52aXQ0BlKQHb8e4NakSOqXssDb92RlkYNOj27KK1iZYrte559Ykf0kDlznlgg=="
    }
  }
}
