{
  "name": "disk-cleanup-cli",
  "version": "1.0.0",
  "lockfileVersion": 3,
  "requires": true,
  "packages": {
    "": {
      "name": "disk-cleanup-cli",
      "version": "1.0.0",
      "license": "ISC",
      "dependencies": {
        "disk-cleanup": "^1.0.1"
      }
    },
    "node_modules/disk-cleanup": {
      "version": "1.0.1",
      "resolved": "https://registry.npmjs.org/disk-cleanup/-/disk-cleanup-1.0.1.tgz",
      "integrity": "sha512-9FqlYNvnjN8WEW3CptoAgY6DC/5yy58tv01kTRauSgRLaenx/wNW0gFoMaAGNUqATKCRVF3n+dw49RgB3PHykw=="
    }
  }
}
