{
  "name": "morse-conv-cli",
  "version": "1.0.0",
  "lockfileVersion": 3,
  "requires": true,
  "packages": {
    "": {
      "name": "morse-conv-cli",
      "version": "1.0.0",
      "license": "ISC",
      "dependencies": {
        "morse-conv": "^1.0.1"
      }
    },
    "node_modules/morse-conv": {
      "version": "1.0.1",
      "resolved": "https://registry.npmjs.org/morse-conv/-/morse-conv-1.0.1.tgz",
      "integrity": "sha512-mygSAwc1lzrI8E2EavsdwUL5zjf+Q9JPxmxBsNpvKba4E/+zWCdJlbrX0TlOD+0+VUss4HVLDCW5302+vtmYVw=="
    }
  }
}
